
Microsoft Visual Studio Solution File, Format Version 12.00
# Visual Studio 15
VisualStudioVersion = 15.0.27428.2037
MinimumVisualStudioVersion = 10.0.40219.1
Project("{FAE04EC0-301F-11D3-BF4B-00C04F79EFBC}") = "BKTree", "BKTree\BKTree.csproj", "{B9B37A13-4228-4FC1-88C8-BED999DC2016}"
EndProject
Global
	GlobalSection(SolutionConfigurationPlatforms) = preSolution
		Debug|Any CPU = Debug|Any CPU
		Release|Any CPU = Release|Any CPU
	EndGlobalSection
	GlobalSection(ProjectConfigurationPlatforms) = postSolution
		{B9B37A13-4228-4FC1-88C8-BED999DC2016}.Debug|Any CPU.ActiveCfg = Debug|Any CPU
		{B9B37A13-4228-4FC1-88C8-BED999DC2016}.Debug|Any CPU.Build.0 = Debug|Any CPU
		{B9B37A13-4228-4FC1-88C8-BED999DC2016}.Release|Any CPU.ActiveCfg = Release|Any CPU
		{B9B37A13-4228-4FC1-88C8-BED999DC2016}.Release|Any CPU.Build.0 = Release|Any CPU
	EndGlobalSection
	GlobalSection(SolutionProperties) = preSolution
		HideSolutionNode = FALSE
	EndGlobalSection
	GlobalSection(ExtensibilityGlobals) = postSolution
		SolutionGuid = {07614751-F68E-4C27-97BA-0BE4DE09F2C5}
	EndGlobalSection
EndGlobal
